schema: '2.0'
stages:
  preprocess:
    cmd: python scripts/preprocess.py
    deps:
    - path: dvc_storage/data/raw/
      hash: md5
      md5: 550eee2e36357d1ebd8bcf0df49cc785.dir
      size: 161507006
      nfiles: 7153
    - path: scripts/preprocess.py
      hash: md5
      md5: 78f19810c7ad6734993c3d44d410826b
      size: 3484
    outs:
    - path: dvc_storage/data/processed/
      hash: md5
      md5: f32b46a904bb6fe60e080ed013ff5cae.dir
      size: 937587324
      nfiles: 5
  train:
    cmd: python scripts/train.py --data dvc_storage/data/processed --output mlflow/models
    deps:
    - path: dvc_storage/data/processed/
      hash: md5
      md5: f32b46a904bb6fe60e080ed013ff5cae.dir
      size: 937587324
      nfiles: 5
    - path: scripts/train.py
      hash: md5
      md5: a054172c99aa0d97529755594fac8dd7
      size: 3915
    outs:
    - path: mlflow/models/
      hash: md5
      md5: d3c57c90f18e4144c7e1e52768e6fa2f.dir
      size: 101838384
      nfiles: 1
