schema: '2.0'
stages:
  preprocess:
    cmd: python scripts/preprocess.py
    deps:
    - path: dvc_storage/data/raw/
      hash: md5
      md5: 550eee2e36357d1ebd8bcf0df49cc785.dir
      size: 161507006
      nfiles: 7153
    - path: scripts/preprocess.py
      hash: md5
      md5: 78f19810c7ad6734993c3d44d410826b
      size: 3484
    outs:
    - path: dvc_storage/data/processed/
      hash: md5
      md5: f32b46a904bb6fe60e080ed013ff5cae.dir
      size: 937587324
      nfiles: 5
  train:
    cmd: python scripts/train.py --data dvc_storage/data/processed --output mlflow/models
    deps:
    - path: dvc_storage/data/processed/
      hash: md5
      md5: f32b46a904bb6fe60e080ed013ff5cae.dir
      size: 937587324
      nfiles: 5
    - path: scripts/train.py
      hash: md5
      md5: 9ad6c4ce4fa547060359c3a628a5f667
      size: 3916
    outs:
    - path: mlflow/models/
      hash: md5
      md5: f86e7171bd25289cd6f4816269f6203c.dir
      size: 101838384
      nfiles: 1
